// !$*UTF8*$!
{
	archiveVersion = 1;
	classes = {
	};
	objectVersion = 50;
	objects = {

/* Begin PBXBuildFile section */
		448901B7219D4051003CAA51 /* RNPayjpIOS.m in Sources */ = {isa = PBXBuildFile; fileRef = 448901B6219D4051003CAA51 /* RNPayjpIOS.m */; };
		448901B8219D4051003CAA51 /* RNPayjpIOS.h in CopyFiles */ = {isa = PBXBuildFile; fileRef = 448901B5219D4051003CAA51 /* RNPayjpIOS.h */; };
/* End PBXBuildFile section */

/* Begin PBXContainerItemProxy section */
		444BD21321A2A97E0012ABD7 /* PBXContainerItemProxy */ = {
			isa = PBXContainerItemProxy;
			containerPortal = 444BD20E21A2A97E0012ABD7 /* PAYJP.xcodeproj */;
			proxyType = 2;
			remoteGlobalIDString = 615AFF5B1C8C74A1003FB86F;
			remoteInfo = PAYJP;
		};
		444BD21521A2A97E0012ABD7 /* PBXContainerItemProxy */ = {
			isa = PBXContainerItemProxy;
			containerPortal = 444BD20E21A2A97E0012ABD7 /* PAYJP.xcodeproj */;
			proxyType = 2;
			remoteGlobalIDString = 615AFF651C8C74A1003FB86F;
			remoteInfo = PAYJPTests;
		};
		444BD21721A2A9840012ABD7 /* PBXContainerItemProxy */ = {
			isa = PBXContainerItemProxy;
			containerPortal = 444BD20E21A2A97E0012ABD7 /* PAYJP.xcodeproj */;
			proxyType = 1;
			remoteGlobalIDString = 615AFF5A1C8C74A1003FB86F;
			remoteInfo = PAYJP;
		};
/* End PBXContainerItemProxy section */

/* Begin PBXCopyFilesBuildPhase section */
		448733EC21A24BE300CFDFAA /* CopyFiles */ = {
			isa = PBXCopyFilesBuildPhase;
			buildActionMask = 2147483647;
			dstPath = "";
			dstSubfolderSpec = 10;
			files = (
			);
			runOnlyForDeploymentPostprocessing = 0;
		};
		448901B0219D4050003CAA51 /* CopyFiles */ = {
			isa = PBXCopyFilesBuildPhase;
			buildActionMask = 2147483647;
			dstPath = "include/$(PRODUCT_NAME)";
			dstSubfolderSpec = 16;
			files = (
				448901B8219D4051003CAA51 /* RNPayjpIOS.h in CopyFiles */,
			);
			runOnlyForDeploymentPostprocessing = 0;
		};
/* End PBXCopyFilesBuildPhase section */

/* Begin PBXFileReference section */
		444BD20E21A2A97E0012ABD7 /* PAYJP.xcodeproj */ = {isa = PBXFileReference; lastKnownFileType = "wrapper.pb-project"; name = PAYJP.xcodeproj; path = "Carthage/Checkouts/payjp-ios/PAYJP.xcodeproj"; sourceTree = "<group>"; };
		448901B2219D4051003CAA51 /* libRNPayjpIOS.a */ = {isa = PBXFileReference; explicitFileType = archive.ar; includeInIndex = 0; path = libRNPayjpIOS.a; sourceTree = BUILT_PRODUCTS_DIR; };
		448901B5219D4051003CAA51 /* RNPayjpIOS.h */ = {isa = PBXFileReference; lastKnownFileType = sourcecode.c.h; path = RNPayjpIOS.h; sourceTree = "<group>"; };
		448901B6219D4051003CAA51 /* RNPayjpIOS.m */ = {isa = PBXFileReference; lastKnownFileType = sourcecode.c.objc; path = RNPayjpIOS.m; sourceTree = "<group>"; };
/* End PBXFileReference section */

/* Begin PBXFrameworksBuildPhase section */
		448901AF219D4050003CAA51 /* Frameworks */ = {
			isa = PBXFrameworksBuildPhase;
			buildActionMask = 2147483647;
			files = (
			);
			runOnlyForDeploymentPostprocessing = 0;
		};
/* End PBXFrameworksBuildPhase section */

/* Begin PBXGroup section */
		444BD20D21A2A95E0012ABD7 /* libraries */ = {
			isa = PBXGroup;
			children = (
				444BD20E21A2A97E0012ABD7 /* PAYJP.xcodeproj */,
			);
			name = libraries;
			sourceTree = "<group>";
		};
		444BD20F21A2A97E0012ABD7 /* Products */ = {
			isa = PBXGroup;
			children = (
				444BD21421A2A97E0012ABD7 /* PAYJP.framework */,
				444BD21621A2A97E0012ABD7 /* PAYJPTests.xctest */,
			);
			name = Products;
			sourceTree = "<group>";
		};
		448901A9219D4050003CAA51 = {
			isa = PBXGroup;
			children = (
				444BD20D21A2A95E0012ABD7 /* libraries */,
				448901B4219D4051003CAA51 /* RNPayjpIOS */,
				448901B3219D4051003CAA51 /* Products */,
			);
			sourceTree = "<group>";
		};
		448901B3219D4051003CAA51 /* Products */ = {
			isa = PBXGroup;
			children = (
				448901B2219D4051003CAA51 /* libRNPayjpIOS.a */,
			);
			name = Products;
			sourceTree = "<group>";
		};
		448901B4219D4051003CAA51 /* RNPayjpIOS */ = {
			isa = PBXGroup;
			children = (
				448901B5219D4051003CAA51 /* RNPayjpIOS.h */,
				448901B6219D4051003CAA51 /* RNPayjpIOS.m */,
			);
			path = RNPayjpIOS;
			sourceTree = "<group>";
		};
/* End PBXGroup section */

/* Begin PBXNativeTarget section */
		448901B1219D4050003CAA51 /* RNPayjpIOS */ = {
			isa = PBXNativeTarget;
			buildConfigurationList = 448901BB219D4051003CAA51 /* Build configuration list for PBXNativeTarget "RNPayjpIOS" */;
			buildPhases = (
				448901AE219D4050003CAA51 /* Sources */,
				448901AF219D4050003CAA51 /* Frameworks */,
				448901B0219D4050003CAA51 /* CopyFiles */,
				448733EC21A24BE300CFDFAA /* CopyFiles */,
			);
			buildRules = (
			);
			dependencies = (
				444BD21821A2A9840012ABD7 /* PBXTargetDependency */,
			);
			name = RNPayjpIOS;
			productName = PNPayjpIOS;
			productReference = 448901B2219D4051003CAA51 /* libRNPayjpIOS.a */;
			productType = "com.apple.product-type.library.static";
		};
/* End PBXNativeTarget section */

/* Begin PBXProject section */
		448901AA219D4050003CAA51 /* Project object */ = {
			isa = PBXProject;
			attributes = {
				LastUpgradeCheck = 1010;
				ORGANIZATIONNAME = sunao;
				TargetAttributes = {
					448901B1219D4050003CAA51 = {
						CreatedOnToolsVersion = 10.1;
					};
				};
			};
			buildConfigurationList = 448901AD219D4050003CAA51 /* Build configuration list for PBXProject "RNPayjpIOS" */;
			compatibilityVersion = "Xcode 9.3";
			developmentRegion = en;
			hasScannedForEncodings = 0;
			knownRegions = (
				en,
			);
			mainGroup = 448901A9219D4050003CAA51;
			productRefGroup = 448901B3219D4051003CAA51 /* Products */;
			projectDirPath = "";
			projectReferences = (
				{
					ProductGroup = 444BD20F21A2A97E0012ABD7 /* Products */;
					ProjectRef = 444BD20E21A2A97E0012ABD7 /* PAYJP.xcodeproj */;
				},
			);
			projectRoot = "";
			targets = (
				448901B1219D4050003CAA51 /* RNPayjpIOS */,
			);
		};
/* End PBXProject section */

/* Begin PBXReferenceProxy section */
		444BD21421A2A97E0012ABD7 /* PAYJP.framework */ = {
			isa = PBXReferenceProxy;
			fileType = wrapper.framework;
			path = PAYJP.framework;
			remoteRef = 444BD21321A2A97E0012ABD7 /* PBXContainerItemProxy */;
			sourceTree = BUILT_PRODUCTS_DIR;
		};
		444BD21621A2A97E0012ABD7 /* PAYJPTests.xctest */ = {
			isa = PBXReferenceProxy;
			fileType = wrapper.cfbundle;
			path = PAYJPTests.xctest;
			remoteRef = 444BD21521A2A97E0012ABD7 /* PBXContainerItemProxy */;
			sourceTree = BUILT_PRODUCTS_DIR;
		};
/* End PBXReferenceProxy section */

/* Begin PBXSourcesBuildPhase section */
		448901AE219D4050003CAA51 /* Sources */ = {
			isa = PBXSourcesBuildPhase;
			buildActionMask = 2147483647;
			files = (
				448901B7219D4051003CAA51 /* RNPayjpIOS.m in Sources */,
			);
			runOnlyForDeploymentPostprocessing = 0;
		};
/* End PBXSourcesBuildPhase section */

/* Begin PBXTargetDependency section */
		444BD21821A2A9840012ABD7 /* PBXTargetDependency */ = {
			isa = PBXTargetDependency;
			name = PAYJP;
			targetProxy = 444BD21721A2A9840012ABD7 /* PBXContainerItemProxy */;
		};
/* End PBXTargetDependency section */

/* Begin XCBuildConfiguration section */
		448901B9219D4051003CAA51 /* Debug */ = {
			isa = XCBuildConfiguration;
			buildSettings = {
				ALWAYS_SEARCH_USER_PATHS = NO;
				CLANG_ANALYZER_NONNULL = YES;
				CLANG_ANALYZER_NUMBER_OBJECT_CONVERSION = YES_AGGRESSIVE;
				CLANG_CXX_LANGUAGE_STANDARD = "gnu++14";
				CLANG_CXX_LIBRARY = "libc++";
				CLANG_ENABLE_MODULES = YES;
				CLANG_ENABLE_OBJC_ARC = YES;
				CLANG_ENABLE_OBJC_WEAK = YES;
				CLANG_WARN_BLOCK_CAPTURE_AUTORELEASING = YES;
				CLANG_WARN_BOOL_CONVERSION = YES;
				CLANG_WARN_COMMA = YES;
				CLANG_WARN_CONSTANT_CONVERSION = YES;
				CLANG_WARN_DEPRECATED_OBJC_IMPLEMENTATIONS = YES;
				CLANG_WARN_DIRECT_OBJC_ISA_USAGE = YES_ERROR;
				CLANG_WARN_DOCUMENTATION_COMMENTS = YES;
				CLANG_WARN_EMPTY_BODY = YES;
				CLANG_WARN_ENUM_CONVERSION = YES;
				CLANG_WARN_INFINITE_RECURSION = YES;
				CLANG_WARN_INT_CONVERSION = YES;
				CLANG_WARN_NON_LITERAL_NULL_CONVERSION = YES;
				CLANG_WARN_OBJC_IMPLICIT_RETAIN_SELF = YES;
				CLANG_WARN_OBJC_LITERAL_CONVERSION = YES;
				CLANG_WARN_OBJC_ROOT_CLASS = YES_ERROR;
				CLANG_WARN_RANGE_LOOP_ANALYSIS = YES;
				CLANG_WARN_STRICT_PROTOTYPES = YES;
				CLANG_WARN_SUSPICIOUS_MOVE = YES;
				CLANG_WARN_UNGUARDED_AVAILABILITY = YES_AGGRESSIVE;
				CLANG_WARN_UNREACHABLE_CODE = YES;
				CLANG_WARN__DUPLICATE_METHOD_MATCH = YES;
				CODE_SIGN_IDENTITY = "iPhone Developer";
				COPY_PHASE_STRIP = NO;
				DEBUG_INFORMATION_FORMAT = dwarf;
				ENABLE_STRICT_OBJC_MSGSEND = YES;
				ENABLE_TESTABILITY = YES;
				GCC_C_LANGUAGE_STANDARD = gnu11;
				GCC_DYNAMIC_NO_PIC = NO;
				GCC_NO_COMMON_BLOCKS = YES;
				GCC_OPTIMIZATION_LEVEL = 0;
				GCC_PREPROCESSOR_DEFINITIONS = (
					"DEBUG=1",
					"$(inherited)",
				);
				GCC_WARN_64_TO_32_BIT_CONVERSION = YES;
				GCC_WARN_ABOUT_RETURN_TYPE = YES_ERROR;
				GCC_WARN_UNDECLARED_SELECTOR = YES;
				GCC_WARN_UNINITIALIZED_AUTOS = YES_AGGRESSIVE;
				GCC_WARN_UNUSED_FUNCTION = YES;
				GCC_WARN_UNUSED_VARIABLE = YES;
				IPHONEOS_DEPLOYMENT_TARGET = 8.1;
				MTL_ENABLE_DEBUG_INFO = INCLUDE_SOURCE;
				MTL_FAST_MATH = YES;
				ONLY_ACTIVE_ARCH = NO;
				SDKROOT = iphoneos;
			};
			name = Debug;
		};
		448901BA219D4051003CAA51 /* Release */ = {
			isa = XCBuildConfiguration;
			buildSettings = {
				ALWAYS_SEARCH_USER_PATHS = NO;
				CLANG_ANALYZER_NONNULL = YES;
				CLANG_ANALYZER_NUMBER_OBJECT_CONVERSION = YES_AGGRESSIVE;
				CLANG_CXX_LANGUAGE_STANDARD = "gnu++14";
				CLANG_CXX_LIBRARY = "libc++";
				CLANG_ENABLE_MODULES = YES;
				CLANG_ENABLE_OBJC_ARC = YES;
				CLANG_ENABLE_OBJC_WEAK = YES;
				CLANG_WARN_BLOCK_CAPTURE_AUTORELEASING = YES;
				CLANG_WARN_BOOL_CONVERSION = YES;
				CLANG_WARN_COMMA = YES;
				CLANG_WARN_CONSTANT_CONVERSION = YES;
				CLANG_WARN_DEPRECATED_OBJC_IMPLEMENTATIONS = YES;
				CLANG_WARN_DIRECT_OBJC_ISA_USAGE = YES_ERROR;
				CLANG_WARN_DOCUMENTATION_COMMENTS = YES;
				CLANG_WARN_EMPTY_BODY = YES;
				CLANG_WARN_ENUM_CONVERSION = YES;
				CLANG_WARN_INFINITE_RECURSION = YES;
				CLANG_WARN_INT_CONVERSION = YES;
				CLANG_WARN_NON_LITERAL_NULL_CONVERSION = YES;
				CLANG_WARN_OBJC_IMPLICIT_RETAIN_SELF = YES;
				CLANG_WARN_OBJC_LITERAL_CONVERSION = YES;
				CLANG_WARN_OBJC_ROOT_CLASS = YES_ERROR;
				CLANG_WARN_RANGE_LOOP_ANALYSIS = YES;
				CLANG_WARN_STRICT_PROTOTYPES = YES;
				CLANG_WARN_SUSPICIOUS_MOVE = YES;
				CLANG_WARN_UNGUARDED_AVAILABILITY = YES_AGGRESSIVE;
				CLANG_WARN_UNREACHABLE_CODE = YES;
				CLANG_WARN__DUPLICATE_METHOD_MATCH = YES;
				CODE_SIGN_IDENTITY = "iPhone Developer";
				COPY_PHASE_STRIP = NO;
				DEBUG_INFORMATION_FORMAT = "dwarf-with-dsym";
				ENABLE_NS_ASSERTIONS = NO;
				ENABLE_STRICT_OBJC_MSGSEND = YES;
				GCC_C_LANGUAGE_STANDARD = gnu11;
				GCC_NO_COMMON_BLOCKS = YES;
				GCC_WARN_64_TO_32_BIT_CONVERSION = YES;
				GCC_WARN_ABOUT_RETURN_TYPE = YES_ERROR;
				GCC_WARN_UNDECLARED_SELECTOR = YES;
				GCC_WARN_UNINITIALIZED_AUTOS = YES_AGGRESSIVE;
				GCC_WARN_UNUSED_FUNCTION = YES;
				GCC_WARN_UNUSED_VARIABLE = YES;
				IPHONEOS_DEPLOYMENT_TARGET = 8.1;
				MTL_ENABLE_DEBUG_INFO = NO;
				MTL_FAST_MATH = YES;
				SDKROOT = iphoneos;
				VALIDATE_PRODUCT = YES;
			};
			name = Release;
		};
		448901BC219D4051003CAA51 /* Debug */ = {
			isa = XCBuildConfiguration;
			buildSettings = {
				ALWAYS_EMBED_SWIFT_STANDARD_LIBRARIES = NO;
				CODE_SIGN_STYLE = Automatic;
				FRAMEWORK_SEARCH_PATHS = (
					"$(inherited)",
					"$(PROJECT_DIR)/Carthage/Build/iOS",
				);
				ONLY_ACTIVE_ARCH = NO;
				OTHER_LDFLAGS = "-ObjC";
				PRODUCT_NAME = "$(TARGET_NAME)";
				SKIP_INSTALL = YES;
				TARGETED_DEVICE_FAMILY = "1,2";
			};
			name = Debug;
		};
		448901BD219D4051003CAA51 /* Release */ = {
			isa = XCBuildConfiguration;
			buildSettings = {
				ALWAYS_EMBED_SWIFT_STANDARD_LIBRARIES = NO;
				CODE_SIGN_STYLE = Automatic;
				FRAMEWORK_SEARCH_PATHS = (
					"$(inherited)",
					"$(PROJECT_DIR)/Carthage/Build/iOS",
				);
				OTHER_LDFLAGS = "-ObjC";
				PRODUCT_NAME = "$(TARGET_NAME)";
				SKIP_INSTALL = YES;
				TARGETED_DEVICE_FAMILY = "1,2";
			};
			name = Release;
		};
/* End XCBuildConfiguration section */

/* Begin XCConfigurationList section */
		448901AD219D4050003CAA51 /* Build configuration list for PBXProject "RNPayjpIOS" */ = {
			isa = XCConfigurationList;
			buildConfigurations = (
				448901B9219D4051003CAA51 /* Debug */,
				448901BA219D4051003CAA51 /* Release */,
			);
			defaultConfigurationIsVisible = 0;
			defaultConfigurationName = Release;
		};
		448901BB219D4051003CAA51 /* Build configuration list for PBXNativeTarget "RNPayjpIOS" */ = {
			isa = XCConfigurationList;
			buildConfigurations = (
				448901BC219D4051003CAA51 /* Debug */,
				448901BD219D4051003CAA51 /* Release */,
			);
			defaultConfigurationIsVisible = 0;
			defaultConfigurationName = Release;
		};
/* End XCConfigurationList section */
	};
	rootObject = 448901AA219D4050003CAA51 /* Project object */;
}
