// !$*UTF8*$!
{
	archiveVersion = 1;
	classes = {
	};
	objectVersion = 48;
	objects = {

/* Begin PBXBuildFile section */
		32CB11281FDA7E3D007AD8F5 /* AppDelegate.swift in Sources */ = {isa = PBXBuildFile; fileRef = 32CB11271FDA7E3D007AD8F5 /* AppDelegate.swift */; };
		32CB112A1FDA7E3D007AD8F5 /* ViewController.swift in Sources */ = {isa = PBXBuildFile; fileRef = 32CB11291FDA7E3D007AD8F5 /* ViewController.swift */; };
		32CB112D1FDA7E3D007AD8F5 /* Main.storyboard in Resources */ = {isa = PBXBuildFile; fileRef = 32CB112B1FDA7E3D007AD8F5 /* Main.storyboard */; };
		32CB112F1FDA7E3D007AD8F5 /* Assets.xcassets in Resources */ = {isa = PBXBuildFile; fileRef = 32CB112E1FDA7E3D007AD8F5 /* Assets.xcassets */; };
		32CB11321FDA7E3D007AD8F5 /* LaunchScreen.storyboard in Resources */ = {isa = PBXBuildFile; fileRef = 32CB11301FDA7E3D007AD8F5 /* LaunchScreen.storyboard */; };
		32CB113B1FDA8507007AD8F5 /* PAYJP.framework in Frameworks */ = {isa = PBXBuildFile; fileRef = 32CB113A1FDA8507007AD8F5 /* PAYJP.framework */; };
/* End PBXBuildFile section */

/* Begin PBXFileReference section */
		32CB11241FDA7E3D007AD8F5 /* example-swift.app */ = {isa = PBXFileReference; explicitFileType = wrapper.application; includeInIndex = 0; path = "example-swift.app"; sourceTree = BUILT_PRODUCTS_DIR; };
		32CB11271FDA7E3D007AD8F5 /* AppDelegate.swift */ = {isa = PBXFileReference; lastKnownFileType = sourcecode.swift; path = AppDelegate.swift; sourceTree = "<group>"; };
		32CB11291FDA7E3D007AD8F5 /* ViewController.swift */ = {isa = PBXFileReference; lastKnownFileType = sourcecode.swift; path = ViewController.swift; sourceTree = "<group>"; };
		32CB112C1FDA7E3D007AD8F5 /* Base */ = {isa = PBXFileReference; lastKnownFileType = file.storyboard; name = Base; path = Base.lproj/Main.storyboard; sourceTree = "<group>"; };
		32CB112E1FDA7E3D007AD8F5 /* Assets.xcassets */ = {isa = PBXFileReference; lastKnownFileType = folder.assetcatalog; path = Assets.xcassets; sourceTree = "<group>"; };
		32CB11311FDA7E3D007AD8F5 /* Base */ = {isa = PBXFileReference; lastKnownFileType = file.storyboard; name = Base; path = Base.lproj/LaunchScreen.storyboard; sourceTree = "<group>"; };
		32CB11331FDA7E3D007AD8F5 /* Info.plist */ = {isa = PBXFileReference; lastKnownFileType = text.plist.xml; path = Info.plist; sourceTree = "<group>"; };
		32CB113A1FDA8507007AD8F5 /* PAYJP.framework */ = {isa = PBXFileReference; lastKnownFileType = wrapper.framework; name = PAYJP.framework; path = Carthage/Build/iOS/PAYJP.framework; sourceTree = "<group>"; };
/* End PBXFileReference section */

/* Begin PBXFrameworksBuildPhase section */
		32CB11211FDA7E3D007AD8F5 /* Frameworks */ = {
			isa = PBXFrameworksBuildPhase;
			buildActionMask = 2147483647;
			files = (
				32CB113B1FDA8507007AD8F5 /* PAYJP.framework in Frameworks */,
			);
			runOnlyForDeploymentPostprocessing = 0;
		};
/* End PBXFrameworksBuildPhase section */

/* Begin PBXGroup section */
		32CB111B1FDA7E3D007AD8F5 = {
			isa = PBXGroup;
			children = (
				32CB11261FDA7E3D007AD8F5 /* example-swift */,
				32CB11251FDA7E3D007AD8F5 /* Products */,
				32CB11391FDA8507007AD8F5 /* Frameworks */,
			);
			sourceTree = "<group>";
		};
		32CB11251FDA7E3D007AD8F5 /* Products */ = {
			isa = PBXGroup;
			children = (
				32CB11241FDA7E3D007AD8F5 /* example-swift.app */,
			);
			name = Products;
			sourceTree = "<group>";
		};
		32CB11261FDA7E3D007AD8F5 /* example-swift */ = {
			isa = PBXGroup;
			children = (
				32CB11271FDA7E3D007AD8F5 /* AppDelegate.swift */,
				32CB11291FDA7E3D007AD8F5 /* ViewController.swift */,
				32CB112B1FDA7E3D007AD8F5 /* Main.storyboard */,
				32CB112E1FDA7E3D007AD8F5 /* Assets.xcassets */,
				32CB11301FDA7E3D007AD8F5 /* LaunchScreen.storyboard */,
				32CB11331FDA7E3D007AD8F5 /* Info.plist */,
			);
			path = "example-swift";
			sourceTree = "<group>";
		};
		32CB11391FDA8507007AD8F5 /* Frameworks */ = {
			isa = PBXGroup;
			children = (
				32CB113A1FDA8507007AD8F5 /* PAYJP.framework */,
			);
			name = Frameworks;
			sourceTree = "<group>";
		};
/* End PBXGroup section */

/* Begin PBXNativeTarget section */
		32CB11231FDA7E3D007AD8F5 /* example-swift */ = {
			isa = PBXNativeTarget;
			buildConfigurationList = 32CB11361FDA7E3D007AD8F5 /* Build configuration list for PBXNativeTarget "example-swift" */;
			buildPhases = (
				32CB11201FDA7E3D007AD8F5 /* Sources */,
				32CB11211FDA7E3D007AD8F5 /* Frameworks */,
				32CB11221FDA7E3D007AD8F5 /* Resources */,
				32CB113C1FDA8517007AD8F5 /* ShellScript */,
			);
			buildRules = (
			);
			dependencies = (
			);
			name = "example-swift";
			productName = "example-ios-swift";
			productReference = 32CB11241FDA7E3D007AD8F5 /* example-swift.app */;
			productType = "com.apple.product-type.application";
		};
/* End PBXNativeTarget section */

/* Begin PBXProject section */
		32CB111C1FDA7E3D007AD8F5 /* Project object */ = {
			isa = PBXProject;
			attributes = {
				LastSwiftUpdateCheck = 0920;
				LastUpgradeCheck = 0940;
				TargetAttributes = {
					32CB11231FDA7E3D007AD8F5 = {
						CreatedOnToolsVersion = 9.2;
						ProvisioningStyle = Automatic;
					};
				};
			};
			buildConfigurationList = 32CB111F1FDA7E3D007AD8F5 /* Build configuration list for PBXProject "example-swift" */;
			compatibilityVersion = "Xcode 8.0";
			developmentRegion = en;
			hasScannedForEncodings = 0;
			knownRegions = (
				en,
				Base,
			);
			mainGroup = 32CB111B1FDA7E3D007AD8F5;
			productRefGroup = 32CB11251FDA7E3D007AD8F5 /* Products */;
			projectDirPath = "";
			projectRoot = "";
			targets = (
				32CB11231FDA7E3D007AD8F5 /* example-swift */,
			);
		};
/* End PBXProject section */

/* Begin PBXResourcesBuildPhase section */
		32CB11221FDA7E3D007AD8F5 /* Resources */ = {
			isa = PBXResourcesBuildPhase;
			buildActionMask = 2147483647;
			files = (
				32CB11321FDA7E3D007AD8F5 /* LaunchScreen.storyboard in Resources */,
				32CB112F1FDA7E3D007AD8F5 /* Assets.xcassets in Resources */,
				32CB112D1FDA7E3D007AD8F5 /* Main.storyboard in Resources */,
			);
			runOnlyForDeploymentPostprocessing = 0;
		};
/* End PBXResourcesBuildPhase section */

/* Begin PBXShellScriptBuildPhase section */
		32CB113C1FDA8517007AD8F5 /* ShellScript */ = {
			isa = PBXShellScriptBuildPhase;
			buildActionMask = 2147483647;
			files = (
			);
			inputPaths = (
				"$(SRCROOT)/Carthage/Build/iOS/PAYJP.framework",
			);
			outputPaths = (
				"$(BUILT_PRODUCTS_DIR)/$(FRAMEWORKS_FOLDER_PATH)/PAYJP.framework",
			);
			runOnlyForDeploymentPostprocessing = 0;
			shellPath = /bin/sh;
			shellScript = "/usr/local/bin/carthage copy-frameworks";
		};
/* End PBXShellScriptBuildPhase section */

/* Begin PBXSourcesBuildPhase section */
		32CB11201FDA7E3D007AD8F5 /* Sources */ = {
			isa = PBXSourcesBuildPhase;
			buildActionMask = 2147483647;
			files = (
				32CB112A1FDA7E3D007AD8F5 /* ViewController.swift in Sources */,
				32CB11281FDA7E3D007AD8F5 /* AppDelegate.swift in Sources */,
			);
			runOnlyForDeploymentPostprocessing = 0;
		};
/* End PBXSourcesBuildPhase section */

/* Begin PBXVariantGroup section */
		32CB112B1FDA7E3D007AD8F5 /* Main.storyboard */ = {
			isa = PBXVariantGroup;
			children = (
				32CB112C1FDA7E3D007AD8F5 /* Base */,
			);
			name = Main.storyboard;
			sourceTree = "<group>";
		};
		32CB11301FDA7E3D007AD8F5 /* LaunchScreen.storyboard */ = {
			isa = PBXVariantGroup;
			children = (
				32CB11311FDA7E3D007AD8F5 /* Base */,
			);
			name = LaunchScreen.storyboard;
			sourceTree = "<group>";
		};
/* End PBXVariantGroup section */

/* Begin XCBuildConfiguration section */
		32CB11341FDA7E3D007AD8F5 /* Debug */ = {
			isa = XCBuildConfiguration;
			buildSettings = {
				ALWAYS_SEARCH_USER_PATHS = NO;
				CLANG_ANALYZER_NONNULL = YES;
				CLANG_ANALYZER_NUMBER_OBJECT_CONVERSION = YES_AGGRESSIVE;
				CLANG_CXX_LANGUAGE_STANDARD = "gnu++14";
				CLANG_CXX_LIBRARY = "libc++";
				CLANG_ENABLE_MODULES = YES;
				CLANG_ENABLE_OBJC_ARC = YES;
				CLANG_WARN_BLOCK_CAPTURE_AUTORELEASING = YES;
				CLANG_WARN_BOOL_CONVERSION = YES;
				CLANG_WARN_COMMA = YES;
				CLANG_WARN_CONSTANT_CONVERSION = YES;
				CLANG_WARN_DEPRECATED_OBJC_IMPLEMENTATIONS = YES;
				CLANG_WARN_DIRECT_OBJC_ISA_USAGE = YES_ERROR;
				CLANG_WARN_DOCUMENTATION_COMMENTS = YES;
				CLANG_WARN_EMPTY_BODY = YES;
				CLANG_WARN_ENUM_CONVERSION = YES;
				CLANG_WARN_INFINITE_RECURSION = YES;
				CLANG_WARN_INT_CONVERSION = YES;
				CLANG_WARN_NON_LITERAL_NULL_CONVERSION = YES;
				CLANG_WARN_OBJC_IMPLICIT_RETAIN_SELF = YES;
				CLANG_WARN_OBJC_LITERAL_CONVERSION = YES;
				CLANG_WARN_OBJC_ROOT_CLASS = YES_ERROR;
				CLANG_WARN_RANGE_LOOP_ANALYSIS = YES;
				CLANG_WARN_STRICT_PROTOTYPES = YES;
				CLANG_WARN_SUSPICIOUS_MOVE = YES;
				CLANG_WARN_UNGUARDED_AVAILABILITY = YES_AGGRESSIVE;
				CLANG_WARN_UNREACHABLE_CODE = YES;
				CLANG_WARN__DUPLICATE_METHOD_MATCH = YES;
				CODE_SIGN_IDENTITY = "iPhone Developer";
				COPY_PHASE_STRIP = NO;
				DEBUG_INFORMATION_FORMAT = dwarf;
				ENABLE_STRICT_OBJC_MSGSEND = YES;
				ENABLE_TESTABILITY = YES;
				GCC_C_LANGUAGE_STANDARD = gnu11;
				GCC_DYNAMIC_NO_PIC = NO;
				GCC_NO_COMMON_BLOCKS = YES;
				GCC_OPTIMIZATION_LEVEL = 0;
				GCC_PREPROCESSOR_DEFINITIONS = (
					"DEBUG=1",
					"$(inherited)",
				);
				GCC_WARN_64_TO_32_BIT_CONVERSION = YES;
				GCC_WARN_ABOUT_RETURN_TYPE = YES_ERROR;
				GCC_WARN_UNDECLARED_SELECTOR = YES;
				GCC_WARN_UNINITIALIZED_AUTOS = YES_AGGRESSIVE;
				GCC_WARN_UNUSED_FUNCTION = YES;
				GCC_WARN_UNUSED_VARIABLE = YES;
				IPHONEOS_DEPLOYMENT_TARGET = 11.3;
				MTL_ENABLE_DEBUG_INFO = YES;
				ONLY_ACTIVE_ARCH = YES;
				SDKROOT = iphoneos;
				SWIFT_ACTIVE_COMPILATION_CONDITIONS = DEBUG;
				SWIFT_OPTIMIZATION_LEVEL = "-Onone";
			};
			name = Debug;
		};
		32CB11351FDA7E3D007AD8F5 /* Release */ = {
			isa = XCBuildConfiguration;
			buildSettings = {
				ALWAYS_SEARCH_USER_PATHS = NO;
				CLANG_ANALYZER_NONNULL = YES;
				CLANG_ANALYZER_NUMBER_OBJECT_CONVERSION = YES_AGGRESSIVE;
				CLANG_CXX_LANGUAGE_STANDARD = "gnu++14";
				CLANG_CXX_LIBRARY = "libc++";
				CLANG_ENABLE_MODULES = YES;
				CLANG_ENABLE_OBJC_ARC = YES;
				CLANG_WARN_BLOCK_CAPTURE_AUTORELEASING = YES;
				CLANG_WARN_BOOL_CONVERSION = YES;
				CLANG_WARN_COMMA = YES;
				CLANG_WARN_CONSTANT_CONVERSION = YES;
				CLANG_WARN_DEPRECATED_OBJC_IMPLEMENTATIONS = YES;
				CLANG_WARN_DIRECT_OBJC_ISA_USAGE = YES_ERROR;
				CLANG_WARN_DOCUMENTATION_COMMENTS = YES;
				CLANG_WARN_EMPTY_BODY = YES;
				CLANG_WARN_ENUM_CONVERSION = YES;
				CLANG_WARN_INFINITE_RECURSION = YES;
				CLANG_WARN_INT_CONVERSION = YES;
				CLANG_WARN_NON_LITERAL_NULL_CONVERSION = YES;
				CLANG_WARN_OBJC_IMPLICIT_RETAIN_SELF = YES;
				CLANG_WARN_OBJC_LITERAL_CONVERSION = YES;
				CLANG_WARN_OBJC_ROOT_CLASS = YES_ERROR;
				CLANG_WARN_RANGE_LOOP_ANALYSIS = YES;
				CLANG_WARN_STRICT_PROTOTYPES = YES;
				CLANG_WARN_SUSPICIOUS_MOVE = YES;
				CLANG_WARN_UNGUARDED_AVAILABILITY = YES_AGGRESSIVE;
				CLANG_WARN_UNREACHABLE_CODE = YES;
				CLANG_WARN__DUPLICATE_METHOD_MATCH = YES;
				CODE_SIGN_IDENTITY = "iPhone Developer";
				COPY_PHASE_STRIP = NO;
				DEBUG_INFORMATION_FORMAT = "dwarf-with-dsym";
				ENABLE_NS_ASSERTIONS = NO;
				ENABLE_STRICT_OBJC_MSGSEND = YES;
				GCC_C_LANGUAGE_STANDARD = gnu11;
				GCC_NO_COMMON_BLOCKS = YES;
				GCC_WARN_64_TO_32_BIT_CONVERSION = YES;
				GCC_WARN_ABOUT_RETURN_TYPE = YES_ERROR;
				GCC_WARN_UNDECLARED_SELECTOR = YES;
				GCC_WARN_UNINITIALIZED_AUTOS = YES_AGGRESSIVE;
				GCC_WARN_UNUSED_FUNCTION = YES;
				GCC_WARN_UNUSED_VARIABLE = YES;
				IPHONEOS_DEPLOYMENT_TARGET = 11.3;
				MTL_ENABLE_DEBUG_INFO = NO;
				SDKROOT = iphoneos;
				SWIFT_OPTIMIZATION_LEVEL = "-Owholemodule";
				VALIDATE_PRODUCT = YES;
			};
			name = Release;
		};
		32CB11371FDA7E3D007AD8F5 /* Debug */ = {
			isa = XCBuildConfiguration;
			buildSettings = {
				ASSETCATALOG_COMPILER_APPICON_NAME = AppIcon;
				CODE_SIGN_STYLE = Automatic;
				FRAMEWORK_SEARCH_PATHS = (
					"$(inherited)",
					"$(PROJECT_DIR)/Carthage/Build/iOS",
				);
				INFOPLIST_FILE = "example-swift/Info.plist";
				LD_RUNPATH_SEARCH_PATHS = "$(inherited) @executable_path/Frameworks";
				PRODUCT_BUNDLE_IDENTIFIER = "com.exmaple.jp.pay.example-swift";
				PRODUCT_NAME = "$(TARGET_NAME)";
				SWIFT_VERSION = 4.2;
				TARGETED_DEVICE_FAMILY = "1,2";
			};
			name = Debug;
		};
		32CB11381FDA7E3D007AD8F5 /* Release */ = {
			isa = XCBuildConfiguration;
			buildSettings = {
				ASSETCATALOG_COMPILER_APPICON_NAME = AppIcon;
				CODE_SIGN_STYLE = Automatic;
				FRAMEWORK_SEARCH_PATHS = (
					"$(inherited)",
					"$(PROJECT_DIR)/Carthage/Build/iOS",
				);
				INFOPLIST_FILE = "example-swift/Info.plist";
				LD_RUNPATH_SEARCH_PATHS = "$(inherited) @executable_path/Frameworks";
				PRODUCT_BUNDLE_IDENTIFIER = "com.exmaple.jp.pay.example-swift";
				PRODUCT_NAME = "$(TARGET_NAME)";
				SWIFT_VERSION = 4.2;
				TARGETED_DEVICE_FAMILY = "1,2";
			};
			name = Release;
		};
/* End XCBuildConfiguration section */

/* Begin XCConfigurationList section */
		32CB111F1FDA7E3D007AD8F5 /* Build configuration list for PBXProject "example-swift" */ = {
			isa = XCConfigurationList;
			buildConfigurations = (
				32CB11341FDA7E3D007AD8F5 /* Debug */,
				32CB11351FDA7E3D007AD8F5 /* Release */,
			);
			defaultConfigurationIsVisible = 0;
			defaultConfigurationName = Release;
		};
		32CB11361FDA7E3D007AD8F5 /* Build configuration list for PBXNativeTarget "example-swift" */ = {
			isa = XCConfigurationList;
			buildConfigurations = (
				32CB11371FDA7E3D007AD8F5 /* Debug */,
				32CB11381FDA7E3D007AD8F5 /* Release */,
			);
			defaultConfigurationIsVisible = 0;
			defaultConfigurationName = Release;
		};
/* End XCConfigurationList section */
	};
	rootObject = 32CB111C1FDA7E3D007AD8F5 /* Project object */;
}
